
Microsoft Visual Studio Solution File, Format Version 12.00
# Visual Studio Version 16
VisualStudioVersion = 16.0.30204.135
MinimumVisualStudioVersion = 10.0.40219.1
Project("{FAE04EC0-301F-11D3-BF4B-00C04F79EFBC}") = "Calculator.Api", "Calculator.Api\Calculator.Api.csproj", "{F6B90AF2-FBEA-46E9-87ED-52F47F2A8A3C}"
EndProject
Global
	GlobalSection(SolutionConfigurationPlatforms) = preSolution
		Debug|Any CPU = Debug|Any CPU
		Release|Any CPU = Release|Any CPU
	EndGlobalSection
	GlobalSection(ProjectConfigurationPlatforms) = postSolution
		{F6B90AF2-FBEA-46E9-87ED-52F47F2A8A3C}.Debug|Any CPU.ActiveCfg = Debug|Any CPU
		{F6B90AF2-FBEA-46E9-87ED-52F47F2A8A3C}.Debug|Any CPU.Build.0 = Debug|Any CPU
		{F6B90AF2-FBEA-46E9-87ED-52F47F2A8A3C}.Release|Any CPU.ActiveCfg = Release|Any CPU
		{F6B90AF2-FBEA-46E9-87ED-52F47F2A8A3C}.Release|Any CPU.Build.0 = Release|Any CPU
	EndGlobalSection
	GlobalSection(SolutionProperties) = preSolution
		HideSolutionNode = FALSE
	EndGlobalSection
	GlobalSection(ExtensibilityGlobals) = postSolution
		SolutionGuid = {5F5CA687-E566-4EF2-9E2E-F9F4143EAD21}
	EndGlobalSection
EndGlobal
